
Microsoft Visual Studio Solution File, Format Version 12.00
# Visual Studio 2013
VisualStudioVersion = 12.0.21005.1
MinimumVisualStudioVersion = 10.0.40219.1
Project("{8BC9CEB8-8B4A-11D0-8D11-00A0C91BC942}") = "PushFramework", "PushFramework\PushFramework.vcxproj", "{D208CCA6-2919-4B12-BF98-113AFB5B72C1}"
EndProject
Project("{8BC9CEB8-8B4A-11D0-8D11-00A0C91BC942}") = "MyServer", "MyServer\MyServer\MyServer.vcxproj", "{C2DACA3B-ED42-496A-AE96-DF3BFE6C3F83}"
	ProjectSection(ProjectDependencies) = postProject
		{D208CCA6-2919-4B12-BF98-113AFB5B72C1} = {D208CCA6-2919-4B12-BF98-113AFB5B72C1}
		{21938FB5-C337-4285-B916-18E9ED8C5354} = {21938FB5-C337-4285-B916-18E9ED8C5354}
	EndProjectSection
EndProject
Project("{8BC9CEB8-8B4A-11D0-8D11-00A0C91BC942}") = "MyProtocol", "MyServer\MyProtocol\MyProtocol.vcxproj", "{21938FB5-C337-4285-B916-18E9ED8C5354}"
	ProjectSection(ProjectDependencies) = postProject
		{D208CCA6-2919-4B12-BF98-113AFB5B72C1} = {D208CCA6-2919-4B12-BF98-113AFB5B72C1}
	EndProjectSection
EndProject
Global
	GlobalSection(SolutionConfigurationPlatforms) = preSolution
		Debug|Any CPU = Debug|Any CPU
		Debug|Mixed Platforms = Debug|Mixed Platforms
		Debug|Win32 = Debug|Win32
		Release|Any CPU = Release|Any CPU
		Release|Mixed Platforms = Release|Mixed Platforms
		Release|Win32 = Release|Win32
	EndGlobalSection
	GlobalSection(ProjectConfigurationPlatforms) = postSolution
		{D208CCA6-2919-4B12-BF98-113AFB5B72C1}.Debug|Any CPU.ActiveCfg = Debug|Win32
		{D208CCA6-2919-4B12-BF98-113AFB5B72C1}.Debug|Mixed Platforms.ActiveCfg = Debug|Win32
		{D208CCA6-2919-4B12-BF98-113AFB5B72C1}.Debug|Mixed Platforms.Build.0 = Debug|Win32
		{D208CCA6-2919-4B12-BF98-113AFB5B72C1}.Debug|Win32.ActiveCfg = Debug|Win32
		{D208CCA6-2919-4B12-BF98-113AFB5B72C1}.Debug|Win32.Build.0 = Debug|Win32
		{D208CCA6-2919-4B12-BF98-113AFB5B72C1}.Release|Any CPU.ActiveCfg = Release|Win32
		{D208CCA6-2919-4B12-BF98-113AFB5B72C1}.Release|Mixed Platforms.ActiveCfg = Release|Win32
		{D208CCA6-2919-4B12-BF98-113AFB5B72C1}.Release|Mixed Platforms.Build.0 = Release|Win32
		{D208CCA6-2919-4B12-BF98-113AFB5B72C1}.Release|Win32.ActiveCfg = Release|Win32
		{D208CCA6-2919-4B12-BF98-113AFB5B72C1}.Release|Win32.Build.0 = Release|Win32
		{C2DACA3B-ED42-496A-AE96-DF3BFE6C3F83}.Debug|Any CPU.ActiveCfg = Debug|Win32
		{C2DACA3B-ED42-496A-AE96-DF3BFE6C3F83}.Debug|Mixed Platforms.ActiveCfg = Debug|Win32
		{C2DACA3B-ED42-496A-AE96-DF3BFE6C3F83}.Debug|Mixed Platforms.Build.0 = Debug|Win32
		{C2DACA3B-ED42-496A-AE96-DF3BFE6C3F83}.Debug|Win32.ActiveCfg = Debug|Win32
		{C2DACA3B-ED42-496A-AE96-DF3BFE6C3F83}.Debug|Win32.Build.0 = Debug|Win32
		{C2DACA3B-ED42-496A-AE96-DF3BFE6C3F83}.Release|Any CPU.ActiveCfg = Release|Win32
		{C2DACA3B-ED42-496A-AE96-DF3BFE6C3F83}.Release|Mixed Platforms.ActiveCfg = Release|Win32
		{C2DACA3B-ED42-496A-AE96-DF3BFE6C3F83}.Release|Mixed Platforms.Build.0 = Release|Win32
		{C2DACA3B-ED42-496A-AE96-DF3BFE6C3F83}.Release|Win32.ActiveCfg = Release|Win32
		{C2DACA3B-ED42-496A-AE96-DF3BFE6C3F83}.Release|Win32.Build.0 = Release|Win32
		{21938FB5-C337-4285-B916-18E9ED8C5354}.Debug|Any CPU.ActiveCfg = Debug|Win32
		{21938FB5-C337-4285-B916-18E9ED8C5354}.Debug|Mixed Platforms.ActiveCfg = Debug|Win32
		{21938FB5-C337-4285-B916-18E9ED8C5354}.Debug|Mixed Platforms.Build.0 = Debug|Win32
		{21938FB5-C337-4285-B916-18E9ED8C5354}.Debug|Win32.ActiveCfg = Debug|Win32
		{21938FB5-C337-4285-B916-18E9ED8C5354}.Debug|Win32.Build.0 = Debug|Win32
		{21938FB5-C337-4285-B916-18E9ED8C5354}.Release|Any CPU.ActiveCfg = Release|Win32
		{21938FB5-C337-4285-B916-18E9ED8C5354}.Release|Mixed Platforms.ActiveCfg = Release|Win32
		{21938FB5-C337-4285-B916-18E9ED8C5354}.Release|Mixed Platforms.Build.0 = Release|Win32
		{21938FB5-C337-4285-B916-18E9ED8C5354}.Release|Win32.ActiveCfg = Release|Win32
		{21938FB5-C337-4285-B916-18E9ED8C5354}.Release|Win32.Build.0 = Release|Win32
	EndGlobalSection
	GlobalSection(SolutionProperties) = preSolution
		HideSolutionNode = FALSE
	EndGlobalSection
EndGlobal
